
Microsoft Visual Studio Solution File, Format Version 12.00
# Visual Studio 15
VisualStudioVersion = 15.0.27004.2010
MinimumVisualStudioVersion = 10.0.40219.1
Project("{FAE04EC0-301F-11D3-BF4B-00C04F79EFBC}") = "GoogleMaps", "GoogleMaps\GoogleMaps.csproj", "{A8D63918-D2C5-4EDC-8282-30E8E4FDEA2B}"
EndProject
Global
	GlobalSection(SolutionConfigurationPlatforms) = preSolution
		Debug|Any CPU = Debug|Any CPU
		Release|Any CPU = Release|Any CPU
	EndGlobalSection
	GlobalSection(ProjectConfigurationPlatforms) = postSolution
		{A8D63918-D2C5-4EDC-8282-30E8E4FDEA2B}.Debug|Any CPU.ActiveCfg = Debug|Any CPU
		{A8D63918-D2C5-4EDC-8282-30E8E4FDEA2B}.Debug|Any CPU.Build.0 = Debug|Any CPU
		{A8D63918-D2C5-4EDC-8282-30E8E4FDEA2B}.Debug|Any CPU.Deploy.0 = Debug|Any CPU
		{A8D63918-D2C5-4EDC-8282-30E8E4FDEA2B}.Release|Any CPU.ActiveCfg = Release|Any CPU
		{A8D63918-D2C5-4EDC-8282-30E8E4FDEA2B}.Release|Any CPU.Build.0 = Release|Any CPU
		{A8D63918-D2C5-4EDC-8282-30E8E4FDEA2B}.Release|Any CPU.Deploy.0 = Release|Any CPU
	EndGlobalSection
	GlobalSection(SolutionProperties) = preSolution
		HideSolutionNode = FALSE
	EndGlobalSection
	GlobalSection(ExtensibilityGlobals) = postSolution
		SolutionGuid = {4D9750E1-38F2-4CEB-B255-3EF8F47894CA}
	EndGlobalSection
	GlobalSection(TeamFoundationVersionControl) = preSolution
		SccNumberOfProjects = 2
		SccEnterpriseProvider = {4CA58AB2-18FA-4F8D-95D4-32DDF27D184C}
		SccTeamFoundationServer = https://bilabtrainee.visualstudio.com/
		SccLocalPath0 = .
		SccProjectUniqueName1 = GoogleMaps\\GoogleMaps.csproj
		SccProjectName1 = GoogleMaps
		SccLocalPath1 = GoogleMaps
	EndGlobalSection
EndGlobal
